// !$*UTF8*$!
{
	archiveVersion = 1;
	classes = {
	};
	objectVersion = 46;
	objects = {

/* Begin PBXBuildFile section */
		6305E54B1E7A1C9B00F6B9A0 /* AppDelegate.swift in Sources */ = {isa = PBXBuildFile; fileRef = 6305E54A1E7A1C9B00F6B9A0 /* AppDelegate.swift */; };
		6305E54D1E7A1C9B00F6B9A0 /* ViewController.swift in Sources */ = {isa = PBXBuildFile; fileRef = 6305E54C1E7A1C9B00F6B9A0 /* ViewController.swift */; };
		6305E5501E7A1C9B00F6B9A0 /* Main.storyboard in Resources */ = {isa = PBXBuildFile; fileRef = 6305E54E1E7A1C9B00F6B9A0 /* Main.storyboard */; };
		6305E5521E7A1C9B00F6B9A0 /* Assets.xcassets in Resources */ = {isa = PBXBuildFile; fileRef = 6305E5511E7A1C9B00F6B9A0 /* Assets.xcassets */; };
		6305E5551E7A1C9B00F6B9A0 /* LaunchScreen.storyboard in Resources */ = {isa = PBXBuildFile; fileRef = 6305E5531E7A1C9B00F6B9A0 /* LaunchScreen.storyboard */; };
		6305E5601E7A1C9C00F6B9A0 /* timerTests.swift in Sources */ = {isa = PBXBuildFile; fileRef = 6305E55F1E7A1C9C00F6B9A0 /* timerTests.swift */; };
		6305E56B1E7A1C9C00F6B9A0 /* timerUITests.swift in Sources */ = {isa = PBXBuildFile; fileRef = 6305E56A1E7A1C9C00F6B9A0 /* timerUITests.swift */; };
/* End PBXBuildFile section */

/* Begin PBXContainerItemProxy section */
		6305E55C1E7A1C9C00F6B9A0 /* PBXContainerItemProxy */ = {
			isa = PBXContainerItemProxy;
			containerPortal = 6305E53F1E7A1C9A00F6B9A0 /* Project object */;
			proxyType = 1;
			remoteGlobalIDString = 6305E5461E7A1C9A00F6B9A0;
			remoteInfo = timer;
		};
		6305E5671E7A1C9C00F6B9A0 /* PBXContainerItemProxy */ = {
			isa = PBXContainerItemProxy;
			containerPortal = 6305E53F1E7A1C9A00F6B9A0 /* Project object */;
			proxyType = 1;
			remoteGlobalIDString = 6305E5461E7A1C9A00F6B9A0;
			remoteInfo = timer;
		};
/* End PBXContainerItemProxy section */

/* Begin PBXFileReference section */
		6305E5471E7A1C9B00F6B9A0 /* timer.app */ = {isa = PBXFileReference; explicitFileType = wrapper.application; includeInIndex = 0; path = timer.app; sourceTree = BUILT_PRODUCTS_DIR; };
		6305E54A1E7A1C9B00F6B9A0 /* AppDelegate.swift */ = {isa = PBXFileReference; lastKnownFileType = sourcecode.swift; path = AppDelegate.swift; sourceTree = "<group>"; };
		6305E54C1E7A1C9B00F6B9A0 /* ViewController.swift */ = {isa = PBXFileReference; lastKnownFileType = sourcecode.swift; path = ViewController.swift; sourceTree = "<group>"; };
		6305E54F1E7A1C9B00F6B9A0 /* Base */ = {isa = PBXFileReference; lastKnownFileType = file.storyboard; name = Base; path = Base.lproj/Main.storyboard; sourceTree = "<group>"; };
		6305E5511E7A1C9B00F6B9A0 /* Assets.xcassets */ = {isa = PBXFileReference; lastKnownFileType = folder.assetcatalog; path = Assets.xcassets; sourceTree = "<group>"; };
		6305E5541E7A1C9B00F6B9A0 /* Base */ = {isa = PBXFileReference; lastKnownFileType = file.storyboard; name = Base; path = Base.lproj/LaunchScreen.storyboard; sourceTree = "<group>"; };
		6305E5561E7A1C9B00F6B9A0 /* Info.plist */ = {isa = PBXFileReference; lastKnownFileType = text.plist.xml; path = Info.plist; sourceTree = "<group>"; };
		6305E55B1E7A1C9C00F6B9A0 /* timerTests.xctest */ = {isa = PBXFileReference; explicitFileType = wrapper.cfbundle; includeInIndex = 0; path = timerTests.xctest; sourceTree = BUILT_PRODUCTS_DIR; };
		6305E55F1E7A1C9C00F6B9A0 /* timerTests.swift */ = {isa = PBXFileReference; lastKnownFileType = sourcecode.swift; path = timerTests.swift; sourceTree = "<group>"; };
		6305E5611E7A1C9C00F6B9A0 /* Info.plist */ = {isa = PBXFileReference; lastKnownFileType = text.plist.xml; path = Info.plist; sourceTree = "<group>"; };
		6305E5661E7A1C9C00F6B9A0 /* timerUITests.xctest */ = {isa = PBXFileReference; explicitFileType = wrapper.cfbundle; includeInIndex = 0; path = timerUITests.xctest; sourceTree = BUILT_PRODUCTS_DIR; };
		6305E56A1E7A1C9C00F6B9A0 /* timerUITests.swift */ = {isa = PBXFileReference; lastKnownFileType = sourcecode.swift; path = timerUITests.swift; sourceTree = "<group>"; };
		6305E56C1E7A1C9C00F6B9A0 /* Info.plist */ = {isa = PBXFileReference; lastKnownFileType = text.plist.xml; path = Info.plist; sourceTree = "<group>"; };
/* End PBXFileReference section */

/* Begin PBXFrameworksBuildPhase section */
		6305E5441E7A1C9A00F6B9A0 /* Frameworks */ = {
			isa = PBXFrameworksBuildPhase;
			buildActionMask = 2147483647;
			files = (
			);
			runOnlyForDeploymentPostprocessing = 0;
		};
		6305E5581E7A1C9C00F6B9A0 /* Frameworks */ = {
			isa = PBXFrameworksBuildPhase;
			buildActionMask = 2147483647;
			files = (
			);
			runOnlyForDeploymentPostprocessing = 0;
		};
		6305E5631E7A1C9C00F6B9A0 /* Frameworks */ = {
			isa = PBXFrameworksBuildPhase;
			buildActionMask = 2147483647;
			files = (
			);
			runOnlyForDeploymentPostprocessing = 0;
		};
/* End PBXFrameworksBuildPhase section */

/* Begin PBXGroup section */
		6305E53E1E7A1C9A00F6B9A0 = {
			isa = PBXGroup;
			children = (
				6305E5491E7A1C9B00F6B9A0 /* timer */,
				6305E55E1E7A1C9C00F6B9A0 /* timerTests */,
				6305E5691E7A1C9C00F6B9A0 /* timerUITests */,
				6305E5481E7A1C9B00F6B9A0 /* Products */,
			);
			sourceTree = "<group>";
		};
		6305E5481E7A1C9B00F6B9A0 /* Products */ = {
			isa = PBXGroup;
			children = (
				6305E5471E7A1C9B00F6B9A0 /* timer.app */,
				6305E55B1E7A1C9C00F6B9A0 /* timerTests.xctest */,
				6305E5661E7A1C9C00F6B9A0 /* timerUITests.xctest */,
			);
			name = Products;
			sourceTree = "<group>";
		};
		6305E5491E7A1C9B00F6B9A0 /* timer */ = {
			isa = PBXGroup;
			children = (
				6305E54A1E7A1C9B00F6B9A0 /* AppDelegate.swift */,
				6305E54C1E7A1C9B00F6B9A0 /* ViewController.swift */,
				6305E54E1E7A1C9B00F6B9A0 /* Main.storyboard */,
				6305E5511E7A1C9B00F6B9A0 /* Assets.xcassets */,
				6305E5531E7A1C9B00F6B9A0 /* LaunchScreen.storyboard */,
				6305E5561E7A1C9B00F6B9A0 /* Info.plist */,
			);
			path = timer;
			sourceTree = "<group>";
		};
		6305E55E1E7A1C9C00F6B9A0 /* timerTests */ = {
			isa = PBXGroup;
			children = (
				6305E55F1E7A1C9C00F6B9A0 /* timerTests.swift */,
				6305E5611E7A1C9C00F6B9A0 /* Info.plist */,
			);
			path = timerTests;
			sourceTree = "<group>";
		};
		6305E5691E7A1C9C00F6B9A0 /* timerUITests */ = {
			isa = PBXGroup;
			children = (
				6305E56A1E7A1C9C00F6B9A0 /* timerUITests.swift */,
				6305E56C1E7A1C9C00F6B9A0 /* Info.plist */,
			);
			path = timerUITests;
			sourceTree = "<group>";
		};
/* End PBXGroup section */

/* Begin PBXNativeTarget section */
		6305E5461E7A1C9A00F6B9A0 /* timer */ = {
			isa = PBXNativeTarget;
			buildConfigurationList = 6305E56F1E7A1C9C00F6B9A0 /* Build configuration list for PBXNativeTarget "timer" */;
			buildPhases = (
				6305E5431E7A1C9A00F6B9A0 /* Sources */,
				6305E5441E7A1C9A00F6B9A0 /* Frameworks */,
				6305E5451E7A1C9A00F6B9A0 /* Resources */,
			);
			buildRules = (
			);
			dependencies = (
			);
			name = timer;
			productName = timer;
			productReference = 6305E5471E7A1C9B00F6B9A0 /* timer.app */;
			productType = "com.apple.product-type.application";
		};
		6305E55A1E7A1C9C00F6B9A0 /* timerTests */ = {
			isa = PBXNativeTarget;
			buildConfigurationList = 6305E5721E7A1C9C00F6B9A0 /* Build configuration list for PBXNativeTarget "timerTests" */;
			buildPhases = (
				6305E5571E7A1C9C00F6B9A0 /* Sources */,
				6305E5581E7A1C9C00F6B9A0 /* Frameworks */,
				6305E5591E7A1C9C00F6B9A0 /* Resources */,
			);
			buildRules = (
			);
			dependencies = (
				6305E55D1E7A1C9C00F6B9A0 /* PBXTargetDependency */,
			);
			name = timerTests;
			productName = timerTests;
			productReference = 6305E55B1E7A1C9C00F6B9A0 /* timerTests.xctest */;
			productType = "com.apple.product-type.bundle.unit-test";
		};
		6305E5651E7A1C9C00F6B9A0 /* timerUITests */ = {
			isa = PBXNativeTarget;
			buildConfigurationList = 6305E5751E7A1C9C00F6B9A0 /* Build configuration list for PBXNativeTarget "timerUITests" */;
			buildPhases = (
				6305E5621E7A1C9C00F6B9A0 /* Sources */,
				6305E5631E7A1C9C00F6B9A0 /* Frameworks */,
				6305E5641E7A1C9C00F6B9A0 /* Resources */,
			);
			buildRules = (
			);
			dependencies = (
				6305E5681E7A1C9C00F6B9A0 /* PBXTargetDependency */,
			);
			name = timerUITests;
			productName = timerUITests;
			productReference = 6305E5661E7A1C9C00F6B9A0 /* timerUITests.xctest */;
			productType = "com.apple.product-type.bundle.ui-testing";
		};
/* End PBXNativeTarget section */

/* Begin PBXProject section */
		6305E53F1E7A1C9A00F6B9A0 /* Project object */ = {
			isa = PBXProject;
			attributes = {
				LastSwiftUpdateCheck = 0820;
				LastUpgradeCheck = 0820;
				ORGANIZATIONNAME = "MAC USER";
				TargetAttributes = {
					6305E5461E7A1C9A00F6B9A0 = {
						CreatedOnToolsVersion = 8.2.1;
						ProvisioningStyle = Automatic;
					};
					6305E55A1E7A1C9C00F6B9A0 = {
						CreatedOnToolsVersion = 8.2.1;
						ProvisioningStyle = Automatic;
						TestTargetID = 6305E5461E7A1C9A00F6B9A0;
					};
					6305E5651E7A1C9C00F6B9A0 = {
						CreatedOnToolsVersion = 8.2.1;
						ProvisioningStyle = Automatic;
						TestTargetID = 6305E5461E7A1C9A00F6B9A0;
					};
				};
			};
			buildConfigurationList = 6305E5421E7A1C9A00F6B9A0 /* Build configuration list for PBXProject "timer" */;
			compatibilityVersion = "Xcode 3.2";
			developmentRegion = English;
			hasScannedForEncodings = 0;
			knownRegions = (
				en,
				Base,
			);
			mainGroup = 6305E53E1E7A1C9A00F6B9A0;
			productRefGroup = 6305E5481E7A1C9B00F6B9A0 /* Products */;
			projectDirPath = "";
			projectRoot = "";
			targets = (
				6305E5461E7A1C9A00F6B9A0 /* timer */,
				6305E55A1E7A1C9C00F6B9A0 /* timerTests */,
				6305E5651E7A1C9C00F6B9A0 /* timerUITests */,
			);
		};
/* End PBXProject section */

/* Begin PBXResourcesBuildPhase section */
		6305E5451E7A1C9A00F6B9A0 /* Resources */ = {
			isa = PBXResourcesBuildPhase;
			buildActionMask = 2147483647;
			files = (
				6305E5551E7A1C9B00F6B9A0 /* LaunchScreen.storyboard in Resources */,
				6305E5521E7A1C9B00F6B9A0 /* Assets.xcassets in Resources */,
				6305E5501E7A1C9B00F6B9A0 /* Main.storyboard in Resources */,
			);
			runOnlyForDeploymentPostprocessing = 0;
		};
		6305E5591E7A1C9C00F6B9A0 /* Resources */ = {
			isa = PBXResourcesBuildPhase;
			buildActionMask = 2147483647;
			files = (
			);
			runOnlyForDeploymentPostprocessing = 0;
		};
		6305E5641E7A1C9C00F6B9A0 /* Resources */ = {
			isa = PBXResourcesBuildPhase;
			buildActionMask = 2147483647;
			files = (
			);
			runOnlyForDeploymentPostprocessing = 0;
		};
/* End PBXResourcesBuildPhase section */

/* Begin PBXSourcesBuildPhase section */
		6305E5431E7A1C9A00F6B9A0 /* Sources */ = {
			isa = PBXSourcesBuildPhase;
			buildActionMask = 2147483647;
			files = (
				6305E54D1E7A1C9B00F6B9A0 /* ViewController.swift in Sources */,
				6305E54B1E7A1C9B00F6B9A0 /* AppDelegate.swift in Sources */,
			);
			runOnlyForDeploymentPostprocessing = 0;
		};
		6305E5571E7A1C9C00F6B9A0 /* Sources */ = {
			isa = PBXSourcesBuildPhase;
			buildActionMask = 2147483647;
			files = (
				6305E5601E7A1C9C00F6B9A0 /* timerTests.swift in Sources */,
			);
			runOnlyForDeploymentPostprocessing = 0;
		};
		6305E5621E7A1C9C00F6B9A0 /* Sources */ = {
			isa = PBXSourcesBuildPhase;
			buildActionMask = 2147483647;
			files = (
				6305E56B1E7A1C9C00F6B9A0 /* timerUITests.swift in Sources */,
			);
			runOnlyForDeploymentPostprocessing = 0;
		};
/* End PBXSourcesBuildPhase section */

/* Begin PBXTargetDependency section */
		6305E55D1E7A1C9C00F6B9A0 /* PBXTargetDependency */ = {
			isa = PBXTargetDependency;
			target = 6305E5461E7A1C9A00F6B9A0 /* timer */;
			targetProxy = 6305E55C1E7A1C9C00F6B9A0 /* PBXContainerItemProxy */;
		};
		6305E5681E7A1C9C00F6B9A0 /* PBXTargetDependency */ = {
			isa = PBXTargetDependency;
			target = 6305E5461E7A1C9A00F6B9A0 /* timer */;
			targetProxy = 6305E5671E7A1C9C00F6B9A0 /* PBXContainerItemProxy */;
		};
/* End PBXTargetDependency section */

/* Begin PBXVariantGroup section */
		6305E54E1E7A1C9B00F6B9A0 /* Main.storyboard */ = {
			isa = PBXVariantGroup;
			children = (
				6305E54F1E7A1C9B00F6B9A0 /* Base */,
			);
			name = Main.storyboard;
			sourceTree = "<group>";
		};
		6305E5531E7A1C9B00F6B9A0 /* LaunchScreen.storyboard */ = {
			isa = PBXVariantGroup;
			children = (
				6305E5541E7A1C9B00F6B9A0 /* Base */,
			);
			name = LaunchScreen.storyboard;
			sourceTree = "<group>";
		};
/* End PBXVariantGroup section */

/* Begin XCBuildConfiguration section */
		6305E56D1E7A1C9C00F6B9A0 /* Debug */ = {
			isa = XCBuildConfiguration;
			buildSettings = {
				ALWAYS_SEARCH_USER_PATHS = NO;
				CLANG_ANALYZER_NONNULL = YES;
				CLANG_CXX_LANGUAGE_STANDARD = "gnu++0x";
				CLANG_CXX_LIBRARY = "libc++";
				CLANG_ENABLE_MODULES = YES;
				CLANG_ENABLE_OBJC_ARC = YES;
				CLANG_WARN_BOOL_CONVERSION = YES;
				CLANG_WARN_CONSTANT_CONVERSION = YES;
				CLANG_WARN_DIRECT_OBJC_ISA_USAGE = YES_ERROR;
				CLANG_WARN_DOCUMENTATION_COMMENTS = YES;
				CLANG_WARN_EMPTY_BODY = YES;
				CLANG_WARN_ENUM_CONVERSION = YES;
				CLANG_WARN_INFINITE_RECURSION = YES;
				CLANG_WARN_INT_CONVERSION = YES;
				CLANG_WARN_OBJC_ROOT_CLASS = YES_ERROR;
				CLANG_WARN_SUSPICIOUS_MOVE = YES;
				CLANG_WARN_UNREACHABLE_CODE = YES;
				CLANG_WARN__DUPLICATE_METHOD_MATCH = YES;
				"CODE_SIGN_IDENTITY[sdk=iphoneos*]" = "iPhone Developer";
				COPY_PHASE_STRIP = NO;
				DEBUG_INFORMATION_FORMAT = dwarf;
				ENABLE_STRICT_OBJC_MSGSEND = YES;
				ENABLE_TESTABILITY = YES;
				GCC_C_LANGUAGE_STANDARD = gnu99;
				GCC_DYNAMIC_NO_PIC = NO;
				GCC_NO_COMMON_BLOCKS = YES;
				GCC_OPTIMIZATION_LEVEL = 0;
				GCC_PREPROCESSOR_DEFINITIONS = (
					"DEBUG=1",
					"$(inherited)",
				);
				GCC_WARN_64_TO_32_BIT_CONVERSION = YES;
				GCC_WARN_ABOUT_RETURN_TYPE = YES_ERROR;
				GCC_WARN_UNDECLARED_SELECTOR = YES;
				GCC_WARN_UNINITIALIZED_AUTOS = YES_AGGRESSIVE;
				GCC_WARN_UNUSED_FUNCTION = YES;
				GCC_WARN_UNUSED_VARIABLE = YES;
				IPHONEOS_DEPLOYMENT_TARGET = 10.2;
				MTL_ENABLE_DEBUG_INFO = YES;
				ONLY_ACTIVE_ARCH = YES;
				SDKROOT = iphoneos;
				SWIFT_ACTIVE_COMPILATION_CONDITIONS = DEBUG;
				SWIFT_OPTIMIZATION_LEVEL = "-Onone";
			};
			name = Debug;
		};
		6305E56E1E7A1C9C00F6B9A0 /* Release */ = {
			isa = XCBuildConfiguration;
			buildSettings = {
				ALWAYS_SEARCH_USER_PATHS = NO;
				CLANG_ANALYZER_NONNULL = YES;
				CLANG_CXX_LANGUAGE_STANDARD = "gnu++0x";
				CLANG_CXX_LIBRARY = "libc++";
				CLANG_ENABLE_MODULES = YES;
				CLANG_ENABLE_OBJC_ARC = YES;
				CLANG_WARN_BOOL_CONVERSION = YES;
				CLANG_WARN_CONSTANT_CONVERSION = YES;
				CLANG_WARN_DIRECT_OBJC_ISA_USAGE = YES_ERROR;
				CLANG_WARN_DOCUMENTATION_COMMENTS = YES;
				CLANG_WARN_EMPTY_BODY = YES;
				CLANG_WARN_ENUM_CONVERSION = YES;
				CLANG_WARN_INFINITE_RECURSION = YES;
				CLANG_WARN_INT_CONVERSION = YES;
				CLANG_WARN_OBJC_ROOT_CLASS = YES_ERROR;
				CLANG_WARN_SUSPICIOUS_MOVE = YES;
				CLANG_WARN_UNREACHABLE_CODE = YES;
				CLANG_WARN__DUPLICATE_METHOD_MATCH = YES;
				"CODE_SIGN_IDENTITY[sdk=iphoneos*]" = "iPhone Developer";
				COPY_PHASE_STRIP = NO;
				DEBUG_INFORMATION_FORMAT = "dwarf-with-dsym";
				ENABLE_NS_ASSERTIONS = NO;
				ENABLE_STRICT_OBJC_MSGSEND = YES;
				GCC_C_LANGUAGE_STANDARD = gnu99;
				GCC_NO_COMMON_BLOCKS = YES;
				GCC_WARN_64_TO_32_BIT_CONVERSION = YES;
				GCC_WARN_ABOUT_RETURN_TYPE = YES_ERROR;
				GCC_WARN_UNDECLARED_SELECTOR = YES;
				GCC_WARN_UNINITIALIZED_AUTOS = YES_AGGRESSIVE;
				GCC_WARN_UNUSED_FUNCTION = YES;
				GCC_WARN_UNUSED_VARIABLE = YES;
				IPHONEOS_DEPLOYMENT_TARGET = 10.2;
				MTL_ENABLE_DEBUG_INFO = NO;
				SDKROOT = iphoneos;
				SWIFT_OPTIMIZATION_LEVEL = "-Owholemodule";
				VALIDATE_PRODUCT = YES;
			};
			name = Release;
		};
		6305E5701E7A1C9C00F6B9A0 /* Debug */ = {
			isa = XCBuildConfiguration;
			buildSettings = {
				ASSETCATALOG_COMPILER_APPICON_NAME = AppIcon;
				INFOPLIST_FILE = timer/Info.plist;
				LD_RUNPATH_SEARCH_PATHS = "$(inherited) @executable_path/Frameworks";
				PRODUCT_BUNDLE_IDENTIFIER = "MAC-USER.timer";
				PRODUCT_NAME = "$(TARGET_NAME)";
				SWIFT_VERSION = 3.0;
			};
			name = Debug;
		};
		6305E5711E7A1C9C00F6B9A0 /* Release */ = {
			isa = XCBuildConfiguration;
			buildSettings = {
				ASSETCATALOG_COMPILER_APPICON_NAME = AppIcon;
				INFOPLIST_FILE = timer/Info.plist;
				LD_RUNPATH_SEARCH_PATHS = "$(inherited) @executable_path/Frameworks";
				PRODUCT_BUNDLE_IDENTIFIER = "MAC-USER.timer";
				PRODUCT_NAME = "$(TARGET_NAME)";
				SWIFT_VERSION = 3.0;
			};
			name = Release;
		};
		6305E5731E7A1C9C00F6B9A0 /* Debug */ = {
			isa = XCBuildConfiguration;
			buildSettings = {
				ALWAYS_EMBED_SWIFT_STANDARD_LIBRARIES = YES;
				BUNDLE_LOADER = "$(TEST_HOST)";
				INFOPLIST_FILE = timerTests/Info.plist;
				LD_RUNPATH_SEARCH_PATHS = "$(inherited) @executable_path/Frameworks @loader_path/Frameworks";
				PRODUCT_BUNDLE_IDENTIFIER = "MAC-USER.timerTests";
				PRODUCT_NAME = "$(TARGET_NAME)";
				SWIFT_VERSION = 3.0;
				TEST_HOST = "$(BUILT_PRODUCTS_DIR)/timer.app/timer";
			};
			name = Debug;
		};
		6305E5741E7A1C9C00F6B9A0 /* Release */ = {
			isa = XCBuildConfiguration;
			buildSettings = {
				ALWAYS_EMBED_SWIFT_STANDARD_LIBRARIES = YES;
				BUNDLE_LOADER = "$(TEST_HOST)";
				INFOPLIST_FILE = timerTests/Info.plist;
				LD_RUNPATH_SEARCH_PATHS = "$(inherited) @executable_path/Frameworks @loader_path/Frameworks";
				PRODUCT_BUNDLE_IDENTIFIER = "MAC-USER.timerTests";
				PRODUCT_NAME = "$(TARGET_NAME)";
				SWIFT_VERSION = 3.0;
				TEST_HOST = "$(BUILT_PRODUCTS_DIR)/timer.app/timer";
			};
			name = Release;
		};
		6305E5761E7A1C9C00F6B9A0 /* Debug */ = {
			isa = XCBuildConfiguration;
			buildSettings = {
				ALWAYS_EMBED_SWIFT_STANDARD_LIBRARIES = YES;
				INFOPLIST_FILE = timerUITests/Info.plist;
				LD_RUNPATH_SEARCH_PATHS = "$(inherited) @executable_path/Frameworks @loader_path/Frameworks";
				PRODUCT_BUNDLE_IDENTIFIER = "MAC-USER.timerUITests";
				PRODUCT_NAME = "$(TARGET_NAME)";
				SWIFT_VERSION = 3.0;
				TEST_TARGET_NAME = timer;
			};
			name = Debug;
		};
		6305E5771E7A1C9C00F6B9A0 /* Release */ = {
			isa = XCBuildConfiguration;
			buildSettings = {
				ALWAYS_EMBED_SWIFT_STANDARD_LIBRARIES = YES;
				INFOPLIST_FILE = timerUITests/Info.plist;
				LD_RUNPATH_SEARCH_PATHS = "$(inherited) @executable_path/Frameworks @loader_path/Frameworks";
				PRODUCT_BUNDLE_IDENTIFIER = "MAC-USER.timerUITests";
				PRODUCT_NAME = "$(TARGET_NAME)";
				SWIFT_VERSION = 3.0;
				TEST_TARGET_NAME = timer;
			};
			name = Release;
		};
/* End XCBuildConfiguration section */

/* Begin XCConfigurationList section */
		6305E5421E7A1C9A00F6B9A0 /* Build configuration list for PBXProject "timer" */ = {
			isa = XCConfigurationList;
			buildConfigurations = (
				6305E56D1E7A1C9C00F6B9A0 /* Debug */,
				6305E56E1E7A1C9C00F6B9A0 /* Release */,
			);
			defaultConfigurationIsVisible = 0;
			defaultConfigurationName = Release;
		};
		6305E56F1E7A1C9C00F6B9A0 /* Build configuration list for PBXNativeTarget "timer" */ = {
			isa = XCConfigurationList;
			buildConfigurations = (
				6305E5701E7A1C9C00F6B9A0 /* Debug */,
				6305E5711E7A1C9C00F6B9A0 /* Release */,
			);
			defaultConfigurationIsVisible = 0;
		};
		6305E5721E7A1C9C00F6B9A0 /* Build configuration list for PBXNativeTarget "timerTests" */ = {
			isa = XCConfigurationList;
			buildConfigurations = (
				6305E5731E7A1C9C00F6B9A0 /* Debug */,
				6305E5741E7A1C9C00F6B9A0 /* Release */,
			);
			defaultConfigurationIsVisible = 0;
		};
		6305E5751E7A1C9C00F6B9A0 /* Build configuration list for PBXNativeTarget "timerUITests" */ = {
			isa = XCConfigurationList;
			buildConfigurations = (
				6305E5761E7A1C9C00F6B9A0 /* Debug */,
				6305E5771E7A1C9C00F6B9A0 /* Release */,
			);
			defaultConfigurationIsVisible = 0;
		};
/* End XCConfigurationList section */
	};
	rootObject = 6305E53F1E7A1C9A00F6B9A0 /* Project object */;
}
